{
  "name": "jaeson",
  "version": "1.0.0",
  "lockfileVersion": 3,
  "requires": true,
  "packages": {
    "": {
      "name": "jaeson",
      "version": "1.0.0",
      "license": "ISC",
      "dependencies": {
        "ts-pattern": "^5.1.1"
      }
    },
    "node_modules/ts-pattern": {
      "version": "5.1.1",
      "resolved": "https://registry.npmjs.org/ts-pattern/-/ts-pattern-5.1.1.tgz",
      "integrity": "sha512-i+owkHr5RYdQxj8olUgRrqpiWH9x27PuWVfXwDmJ/n/CoF/SAa7WW1i2oUpPDMQpJ4U+bGRUcZkVq7i1m3zFCg=="
    }
  }
}
